
Microsoft Visual Studio Solution File, Format Version 12.00
# Visual Studio Version 16
VisualStudioVersion = 16.0.30011.22
MinimumVisualStudioVersion = 10.0.40219.1
Project("{8BC9CEB8-8B4A-11D0-8D11-00A0C91BC942}") = "SFML test", "SFML test\SFML test.vcxproj", "{445C4AC1-F036-4BED-B334-245244A6824D}"
EndProject
Global
	GlobalSection(SolutionConfigurationPlatforms) = preSolution
		Debug|x64 = Debug|x64
		Debug|x86 = Debug|x86
		Release|x64 = Release|x64
		Release|x86 = Release|x86
	EndGlobalSection
	GlobalSection(ProjectConfigurationPlatforms) = postSolution
		{445C4AC1-F036-4BED-B334-245244A6824D}.Debug|x64.ActiveCfg = Debug|x64
		{445C4AC1-F036-4BED-B334-245244A6824D}.Debug|x64.Build.0 = Debug|x64
		{445C4AC1-F036-4BED-B334-245244A6824D}.Debug|x86.ActiveCfg = Debug|Win32
		{445C4AC1-F036-4BED-B334-245244A6824D}.Debug|x86.Build.0 = Debug|Win32
		{445C4AC1-F036-4BED-B334-245244A6824D}.Release|x64.ActiveCfg = Release|x64
		{445C4AC1-F036-4BED-B334-245244A6824D}.Release|x64.Build.0 = Release|x64
		{445C4AC1-F036-4BED-B334-245244A6824D}.Release|x86.ActiveCfg = Release|Win32
		{445C4AC1-F036-4BED-B334-245244A6824D}.Release|x86.Build.0 = Release|Win32
	EndGlobalSection
	GlobalSection(SolutionProperties) = preSolution
		HideSolutionNode = FALSE
	EndGlobalSection
	GlobalSection(ExtensibilityGlobals) = postSolution
		SolutionGuid = {CD5C49B2-9FCF-4F42-8C09-D7BE538A66B2}
	EndGlobalSection
EndGlobal
